{
  "requires": true,
  "lockfileVersion": 1,
  "dependencies": {
    "furtive": {
      "version": "2.4.0",
      "resolved": "https://registry.npmjs.org/furtive/-/furtive-2.4.0.tgz",
      "integrity": "sha512-umPWs9Mo8wN1L2a0Vp6T13j+BNzOr6m9FNJ4UI7FttK2ITYp/oJUT5Q914ablwIhgeYxk2emk9zUoDgurKLTRw=="
    }
  }
}
